
Microsoft Visual Studio Solution File, Format Version 12.00
# Visual Studio Version 16
VisualStudioVersion = 16.0.30907.101
MinimumVisualStudioVersion = 10.0.40219.1
Project("{FAE04EC0-301F-11D3-BF4B-00C04F79EFBC}") = "DummyZipVsix", "DummyZipVsix\DummyZipVsix.csproj", "{35400935-4502-460F-A210-DB79EC8D851E}"
EndProject
Project("{2150E333-8FDC-42A3-9474-1A3956D46DE8}") = "Solution Items", "Solution Items", "{8418F5E8-F844-46F0-81E0-944E7DFAFEE0}"
	ProjectSection(SolutionItems) = preProject
		.github\workflows\addVsixLinkToIssues.yaml = .github\workflows\addVsixLinkToIssues.yaml
		.github\workflows\buildVsixOnPull.yaml = .github\workflows\buildVsixOnPull.yaml
		.github\workflows\manual_version_action.yaml = .github\workflows\manual_version_action.yaml
		.github\workflows\testDeleteReleaseAssetsPaginate.yaml = .github\workflows\testDeleteReleaseAssetsPaginate.yaml
		.github\workflows\testworkflowerrors2.yaml = .github\workflows\testworkflowerrors2.yaml
		.github\workflows\testyaml.yaml = .github\workflows\testyaml.yaml
		.github\workflows\workflowdispatch.yaml = .github\workflows\workflowdispatch.yaml
		.github\workflows\workflowdispatchsuccess.yaml = .github\workflows\workflowdispatchsuccess.yaml
	EndProjectSection
EndProject
Global
	GlobalSection(SolutionConfigurationPlatforms) = preSolution
		Debug|Any CPU = Debug|Any CPU
		Release|Any CPU = Release|Any CPU
	EndGlobalSection
	GlobalSection(ProjectConfigurationPlatforms) = postSolution
		{35400935-4502-460F-A210-DB79EC8D851E}.Debug|Any CPU.ActiveCfg = Debug|Any CPU
		{35400935-4502-460F-A210-DB79EC8D851E}.Debug|Any CPU.Build.0 = Debug|Any CPU
		{35400935-4502-460F-A210-DB79EC8D851E}.Release|Any CPU.ActiveCfg = Release|Any CPU
		{35400935-4502-460F-A210-DB79EC8D851E}.Release|Any CPU.Build.0 = Release|Any CPU
	EndGlobalSection
	GlobalSection(SolutionProperties) = preSolution
		HideSolutionNode = FALSE
	EndGlobalSection
	GlobalSection(ExtensibilityGlobals) = postSolution
		SolutionGuid = {C8C7E44B-864D-45EB-837B-02235A0AB219}
	EndGlobalSection
EndGlobal
